<?xml version="1.0" encoding="UTF-8"?>
<Scheme
   version = "1.3">
   <BuildAction>
      <BuildActionEntries>
         <BuildActionEntry
            buildForRunning = "YES">
            <BuildableReference
               BuildableIdentifier = "primary"
               BlueprintIdentifier = "E96628B320EDEBFE005F193C"
               BuildableName = "SLFakeHeadlineNews.app"
               BlueprintName = "SLFakeHeadlineNews"
               ReferencedContainer = "container:SLFakeHeadlineNews.xcodeproj">
            </BuildableReference>
         </BuildActionEntry>
      </BuildActionEntries>
   </BuildAction>
   <LaunchAction
      useCustomWorkingDirectory = "NO"
      buildConfiguration = "Debug">
      <BuildableProductRunnable>
         <BuildableReference
            BuildableIdentifier = "primary"
            BlueprintIdentifier = "E96628B320EDEBFE005F193C"
            BuildableName = "SLFakeHeadlineNews.app"
            BlueprintName = "SLFakeHeadlineNews"
            ReferencedContainer = "container:SLFakeHeadlineNews.xcodeproj">
         </BuildableReference>
      </BuildableProductRunnable>
   </LaunchAction>
</Scheme>
