// !$*UTF8*$!
{
	archiveVersion = 1;
	classes = {
	};
	objectVersion = 50;
	objects = {

/* Begin PBXBuildFile section */
		63B4E11A6072F505B0298A24 /* libPods-SLFakeHeadlineNews.a in Frameworks */ = {isa = PBXBuildFile; fileRef = AC7CE8753B870C19A094603F /* libPods-SLFakeHeadlineNews.a */; };
		E96628D920EDFCDC005F193C /* Assets.xcassets in Resources */ = {isa = PBXBuildFile; fileRef = E96628CE20EDFCDC005F193C /* Assets.xcassets */; };
		E96628DA20EDFCDC005F193C /* LaunchScreen.storyboard in Resources */ = {isa = PBXBuildFile; fileRef = E96628CF20EDFCDC005F193C /* LaunchScreen.storyboard */; };
		E96628DB20EDFCDC005F193C /* Main.storyboard in Resources */ = {isa = PBXBuildFile; fileRef = E96628D120EDFCDC005F193C /* Main.storyboard */; };
		E96628DC20EDFCDC005F193C /* main.m in Sources */ = {isa = PBXBuildFile; fileRef = E96628D320EDFCDC005F193C /* main.m */; };
		E96628DD20EDFCDC005F193C /* Info.plist in Resources */ = {isa = PBXBuildFile; fileRef = E96628D420EDFCDC005F193C /* Info.plist */; };
		E96628DE20EDFCDC005F193C /* AppDelegate.m in Sources */ = {isa = PBXBuildFile; fileRef = E96628D820EDFCDC005F193C /* AppDelegate.m */; };
		E96628E020EDFD1A005F193C /* UIKit.framework in Frameworks */ = {isa = PBXBuildFile; fileRef = E96628DF20EDFD1A005F193C /* UIKit.framework */; };
		E96628E220EDFD20005F193C /* Foundation.framework in Frameworks */ = {isa = PBXBuildFile; fileRef = E96628E120EDFD20005F193C /* Foundation.framework */; };
		E96628E620EDFDB0005F193C /* SLTabBarController.m in Sources */ = {isa = PBXBuildFile; fileRef = E96628E520EDFDB0005F193C /* SLTabBarController.m */; };
		E96628E920EE091A005F193C /* SLNavigationController.m in Sources */ = {isa = PBXBuildFile; fileRef = E96628E820EE091A005F193C /* SLNavigationController.m */; };
		E96E454120FDD1F4008264E9 /* SLURLManager.m in Sources */ = {isa = PBXBuildFile; fileRef = E96E454020FDD1F4008264E9 /* SLURLManager.m */; };
		E96E454420FDD344008264E9 /* SLNetworkManager.m in Sources */ = {isa = PBXBuildFile; fileRef = E96E454320FDD344008264E9 /* SLNetworkManager.m */; };
		E96E454720FDD6E1008264E9 /* SLNetWorkBaseModel.m in Sources */ = {isa = PBXBuildFile; fileRef = E96E454620FDD6E1008264E9 /* SLNetWorkBaseModel.m */; };
		E96E454A20FDDB3A008264E9 /* MBProgressHUD+Add.m in Sources */ = {isa = PBXBuildFile; fileRef = E96E454920FDDB3A008264E9 /* MBProgressHUD+Add.m */; };
		E9AF892420EF04030000DC00 /* SLMicroVideoVC.m in Sources */ = {isa = PBXBuildFile; fileRef = E9AF892320EF04030000DC00 /* SLMicroVideoVC.m */; };
		E9AF892720EF04330000DC00 /* SLMicroHeadlineNewsVC.m in Sources */ = {isa = PBXBuildFile; fileRef = E9AF892620EF04330000DC00 /* SLMicroHeadlineNewsVC.m */; };
		E9AF892C20EF048D0000DC00 /* SLHomeVC.m in Sources */ = {isa = PBXBuildFile; fileRef = E9AF892B20EF048D0000DC00 /* SLHomeVC.m */; };
		E9C9366A20FDA0D8006791CA /* SLHomeTitleViewModel.m in Sources */ = {isa = PBXBuildFile; fileRef = E9C9366920FDA0D8006791CA /* SLHomeTitleViewModel.m */; };
		E9F730FA20EE1F780086FBB6 /* WMPageController.m in Sources */ = {isa = PBXBuildFile; fileRef = E9F730ED20EE1F780086FBB6 /* WMPageController.m */; };
		E9F730FB20EE1F780086FBB6 /* UIViewController+WMPageController.m in Sources */ = {isa = PBXBuildFile; fileRef = E9F730EE20EE1F780086FBB6 /* UIViewController+WMPageController.m */; };
		E9F730FC20EE1F780086FBB6 /* WMMenuItem.m in Sources */ = {isa = PBXBuildFile; fileRef = E9F730F420EE1F780086FBB6 /* WMMenuItem.m */; };
		E9F730FD20EE1F780086FBB6 /* WMScrollView.m in Sources */ = {isa = PBXBuildFile; fileRef = E9F730F520EE1F780086FBB6 /* WMScrollView.m */; };
		E9F730FE20EE1F780086FBB6 /* WMMenuView.m in Sources */ = {isa = PBXBuildFile; fileRef = E9F730F620EE1F780086FBB6 /* WMMenuView.m */; };
		E9F730FF20EE1F780086FBB6 /* WMProgressView.m in Sources */ = {isa = PBXBuildFile; fileRef = E9F730F720EE1F780086FBB6 /* WMProgressView.m */; };
		E9F7310520EE20640086FBB6 /* SLBaseViewController.m in Sources */ = {isa = PBXBuildFile; fileRef = E9F7310420EE20640086FBB6 /* SLBaseViewController.m */; };
		E9F7310820EE213C0086FBB6 /* SLNavigationBar.m in Sources */ = {isa = PBXBuildFile; fileRef = E9F7310720EE213C0086FBB6 /* SLNavigationBar.m */; };
		E9F7310B20EE217F0086FBB6 /* SLHeader.m in Sources */ = {isa = PBXBuildFile; fileRef = E9F7310A20EE217F0086FBB6 /* SLHeader.m */; };
		E9F7310E20EE22D90086FBB6 /* SLVideoVC.m in Sources */ = {isa = PBXBuildFile; fileRef = E9F7310D20EE22D90086FBB6 /* SLVideoVC.m */; };
		E9F84D9B20EF609E00493AEA /* UIView+AnimationExtend.m in Sources */ = {isa = PBXBuildFile; fileRef = E9F84D9A20EF609E00493AEA /* UIView+AnimationExtend.m */; };
		E9F84D9E20EF629F00493AEA /* UITabBar+SLTabBar.m in Sources */ = {isa = PBXBuildFile; fileRef = E9F84D9D20EF629F00493AEA /* UITabBar+SLTabBar.m */; };
/* End PBXBuildFile section */

/* Begin PBXFileReference section */
		829382745D59F6CA0DB5A390 /* Pods-SLFakeHeadlineNews.debug.xcconfig */ = {isa = PBXFileReference; includeInIndex = 1; lastKnownFileType = text.xcconfig; name = "Pods-SLFakeHeadlineNews.debug.xcconfig"; path = "Pods/Target Support Files/Pods-SLFakeHeadlineNews/Pods-SLFakeHeadlineNews.debug.xcconfig"; sourceTree = "<group>"; };
		AC7CE8753B870C19A094603F /* libPods-SLFakeHeadlineNews.a */ = {isa = PBXFileReference; explicitFileType = archive.ar; includeInIndex = 0; path = "libPods-SLFakeHeadlineNews.a"; sourceTree = BUILT_PRODUCTS_DIR; };
		DFDA8812FAEA23DF2FF9D3B1 /* Pods-SLFakeHeadlineNews.release.xcconfig */ = {isa = PBXFileReference; includeInIndex = 1; lastKnownFileType = text.xcconfig; name = "Pods-SLFakeHeadlineNews.release.xcconfig"; path = "Pods/Target Support Files/Pods-SLFakeHeadlineNews/Pods-SLFakeHeadlineNews.release.xcconfig"; sourceTree = "<group>"; };
		E96628B420EDEBFE005F193C /* SLFakeHeadlineNews.app */ = {isa = PBXFileReference; explicitFileType = wrapper.application; includeInIndex = 0; path = SLFakeHeadlineNews.app; sourceTree = BUILT_PRODUCTS_DIR; };
		E96628CE20EDFCDC005F193C /* Assets.xcassets */ = {isa = PBXFileReference; lastKnownFileType = folder.assetcatalog; path = Assets.xcassets; sourceTree = "<group>"; };
		E96628D020EDFCDC005F193C /* Base */ = {isa = PBXFileReference; lastKnownFileType = file.storyboard; name = Base; path = Base.lproj/LaunchScreen.storyboard; sourceTree = "<group>"; };
		E96628D220EDFCDC005F193C /* Base */ = {isa = PBXFileReference; lastKnownFileType = file.storyboard; name = Base; path = Base.lproj/Main.storyboard; sourceTree = "<group>"; };
		E96628D320EDFCDC005F193C /* main.m */ = {isa = PBXFileReference; fileEncoding = 4; lastKnownFileType = sourcecode.c.objc; path = main.m; sourceTree = "<group>"; };
		E96628D420EDFCDC005F193C /* Info.plist */ = {isa = PBXFileReference; fileEncoding = 4; lastKnownFileType = text.plist.xml; path = Info.plist; sourceTree = "<group>"; };
		E96628D720EDFCDC005F193C /* AppDelegate.h */ = {isa = PBXFileReference; fileEncoding = 4; lastKnownFileType = sourcecode.c.h; path = AppDelegate.h; sourceTree = "<group>"; };
		E96628D820EDFCDC005F193C /* AppDelegate.m */ = {isa = PBXFileReference; fileEncoding = 4; lastKnownFileType = sourcecode.c.objc; path = AppDelegate.m; sourceTree = "<group>"; };
		E96628DF20EDFD1A005F193C /* UIKit.framework */ = {isa = PBXFileReference; lastKnownFileType = wrapper.framework; name = UIKit.framework; path = System/Library/Frameworks/UIKit.framework; sourceTree = SDKROOT; };
		E96628E120EDFD20005F193C /* Foundation.framework */ = {isa = PBXFileReference; lastKnownFileType = wrapper.framework; name = Foundation.framework; path = System/Library/Frameworks/Foundation.framework; sourceTree = SDKROOT; };
		E96628E420EDFDB0005F193C /* SLTabBarController.h */ = {isa = PBXFileReference; lastKnownFileType = sourcecode.c.h; path = SLTabBarController.h; sourceTree = "<group>"; };
		E96628E520EDFDB0005F193C /* SLTabBarController.m */ = {isa = PBXFileReference; lastKnownFileType = sourcecode.c.objc; path = SLTabBarController.m; sourceTree = "<group>"; };
		E96628E720EE091A005F193C /* SLNavigationController.h */ = {isa = PBXFileReference; lastKnownFileType = sourcecode.c.h; path = SLNavigationController.h; sourceTree = "<group>"; };
		E96628E820EE091A005F193C /* SLNavigationController.m */ = {isa = PBXFileReference; lastKnownFileType = sourcecode.c.objc; path = SLNavigationController.m; sourceTree = "<group>"; };
		E96E453F20FDD1F4008264E9 /* SLURLManager.h */ = {isa = PBXFileReference; lastKnownFileType = sourcecode.c.h; path = SLURLManager.h; sourceTree = "<group>"; };
		E96E454020FDD1F4008264E9 /* SLURLManager.m */ = {isa = PBXFileReference; lastKnownFileType = sourcecode.c.objc; path = SLURLManager.m; sourceTree = "<group>"; };
		E96E454220FDD344008264E9 /* SLNetworkManager.h */ = {isa = PBXFileReference; lastKnownFileType = sourcecode.c.h; path = SLNetworkManager.h; sourceTree = "<group>"; };
		E96E454320FDD344008264E9 /* SLNetworkManager.m */ = {isa = PBXFileReference; lastKnownFileType = sourcecode.c.objc; path = SLNetworkManager.m; sourceTree = "<group>"; };
		E96E454520FDD6E1008264E9 /* SLNetWorkBaseModel.h */ = {isa = PBXFileReference; lastKnownFileType = sourcecode.c.h; path = SLNetWorkBaseModel.h; sourceTree = "<group>"; };
		E96E454620FDD6E1008264E9 /* SLNetWorkBaseModel.m */ = {isa = PBXFileReference; lastKnownFileType = sourcecode.c.objc; path = SLNetWorkBaseModel.m; sourceTree = "<group>"; };
		E96E454820FDDB3A008264E9 /* MBProgressHUD+Add.h */ = {isa = PBXFileReference; lastKnownFileType = sourcecode.c.h; path = "MBProgressHUD+Add.h"; sourceTree = "<group>"; };
		E96E454920FDDB3A008264E9 /* MBProgressHUD+Add.m */ = {isa = PBXFileReference; lastKnownFileType = sourcecode.c.objc; path = "MBProgressHUD+Add.m"; sourceTree = "<group>"; };
		E9AF892220EF04030000DC00 /* SLMicroVideoVC.h */ = {isa = PBXFileReference; lastKnownFileType = sourcecode.c.h; path = SLMicroVideoVC.h; sourceTree = "<group>"; };
		E9AF892320EF04030000DC00 /* SLMicroVideoVC.m */ = {isa = PBXFileReference; lastKnownFileType = sourcecode.c.objc; path = SLMicroVideoVC.m; sourceTree = "<group>"; };
		E9AF892520EF04330000DC00 /* SLMicroHeadlineNewsVC.h */ = {isa = PBXFileReference; lastKnownFileType = sourcecode.c.h; path = SLMicroHeadlineNewsVC.h; sourceTree = "<group>"; };
		E9AF892620EF04330000DC00 /* SLMicroHeadlineNewsVC.m */ = {isa = PBXFileReference; lastKnownFileType = sourcecode.c.objc; path = SLMicroHeadlineNewsVC.m; sourceTree = "<group>"; };
		E9AF892A20EF048D0000DC00 /* SLHomeVC.h */ = {isa = PBXFileReference; lastKnownFileType = sourcecode.c.h; path = SLHomeVC.h; sourceTree = "<group>"; };
		E9AF892B20EF048D0000DC00 /* SLHomeVC.m */ = {isa = PBXFileReference; lastKnownFileType = sourcecode.c.objc; path = SLHomeVC.m; sourceTree = "<group>"; };
		E9C9366820FDA0D8006791CA /* SLHomeTitleViewModel.h */ = {isa = PBXFileReference; lastKnownFileType = sourcecode.c.h; path = SLHomeTitleViewModel.h; sourceTree = "<group>"; };
		E9C9366920FDA0D8006791CA /* SLHomeTitleViewModel.m */ = {isa = PBXFileReference; lastKnownFileType = sourcecode.c.objc; path = SLHomeTitleViewModel.m; sourceTree = "<group>"; };
		E9F730ED20EE1F780086FBB6 /* WMPageController.m */ = {isa = PBXFileReference; fileEncoding = 4; lastKnownFileType = sourcecode.c.objc; path = WMPageController.m; sourceTree = "<group>"; };
		E9F730EE20EE1F780086FBB6 /* UIViewController+WMPageController.m */ = {isa = PBXFileReference; fileEncoding = 4; lastKnownFileType = sourcecode.c.objc; path = "UIViewController+WMPageController.m"; sourceTree = "<group>"; };
		E9F730F020EE1F780086FBB6 /* WMScrollView.h */ = {isa = PBXFileReference; fileEncoding = 4; lastKnownFileType = sourcecode.c.h; path = WMScrollView.h; sourceTree = "<group>"; };
		E9F730F120EE1F780086FBB6 /* WMMenuItem.h */ = {isa = PBXFileReference; fileEncoding = 4; lastKnownFileType = sourcecode.c.h; path = WMMenuItem.h; sourceTree = "<group>"; };
		E9F730F220EE1F780086FBB6 /* WMMenuView.h */ = {isa = PBXFileReference; fileEncoding = 4; lastKnownFileType = sourcecode.c.h; path = WMMenuView.h; sourceTree = "<group>"; };
		E9F730F320EE1F780086FBB6 /* WMProgressView.h */ = {isa = PBXFileReference; fileEncoding = 4; lastKnownFileType = sourcecode.c.h; path = WMProgressView.h; sourceTree = "<group>"; };
		E9F730F420EE1F780086FBB6 /* WMMenuItem.m */ = {isa = PBXFileReference; fileEncoding = 4; lastKnownFileType = sourcecode.c.objc; path = WMMenuItem.m; sourceTree = "<group>"; };
		E9F730F520EE1F780086FBB6 /* WMScrollView.m */ = {isa = PBXFileReference; fileEncoding = 4; lastKnownFileType = sourcecode.c.objc; path = WMScrollView.m; sourceTree = "<group>"; };
		E9F730F620EE1F780086FBB6 /* WMMenuView.m */ = {isa = PBXFileReference; fileEncoding = 4; lastKnownFileType = sourcecode.c.objc; path = WMMenuView.m; sourceTree = "<group>"; };
		E9F730F720EE1F780086FBB6 /* WMProgressView.m */ = {isa = PBXFileReference; fileEncoding = 4; lastKnownFileType = sourcecode.c.objc; path = WMProgressView.m; sourceTree = "<group>"; };
		E9F730F820EE1F780086FBB6 /* WMPageController.h */ = {isa = PBXFileReference; fileEncoding = 4; lastKnownFileType = sourcecode.c.h; path = WMPageController.h; sourceTree = "<group>"; };
		E9F730F920EE1F780086FBB6 /* UIViewController+WMPageController.h */ = {isa = PBXFileReference; fileEncoding = 4; lastKnownFileType = sourcecode.c.h; path = "UIViewController+WMPageController.h"; sourceTree = "<group>"; };
		E9F7310320EE20640086FBB6 /* SLBaseViewController.h */ = {isa = PBXFileReference; lastKnownFileType = sourcecode.c.h; path = SLBaseViewController.h; sourceTree = "<group>"; };
		E9F7310420EE20640086FBB6 /* SLBaseViewController.m */ = {isa = PBXFileReference; lastKnownFileType = sourcecode.c.objc; path = SLBaseViewController.m; sourceTree = "<group>"; };
		E9F7310620EE213C0086FBB6 /* SLNavigationBar.h */ = {isa = PBXFileReference; lastKnownFileType = sourcecode.c.h; path = SLNavigationBar.h; sourceTree = "<group>"; };
		E9F7310720EE213C0086FBB6 /* SLNavigationBar.m */ = {isa = PBXFileReference; lastKnownFileType = sourcecode.c.objc; path = SLNavigationBar.m; sourceTree = "<group>"; };
		E9F7310920EE217F0086FBB6 /* SLHeader.h */ = {isa = PBXFileReference; lastKnownFileType = sourcecode.c.h; path = SLHeader.h; sourceTree = "<group>"; };
		E9F7310A20EE217F0086FBB6 /* SLHeader.m */ = {isa = PBXFileReference; lastKnownFileType = sourcecode.c.objc; path = SLHeader.m; sourceTree = "<group>"; };
		E9F7310C20EE22D90086FBB6 /* SLVideoVC.h */ = {isa = PBXFileReference; lastKnownFileType = sourcecode.c.h; path = SLVideoVC.h; sourceTree = "<group>"; };
		E9F7310D20EE22D90086FBB6 /* SLVideoVC.m */ = {isa = PBXFileReference; lastKnownFileType = sourcecode.c.objc; path = SLVideoVC.m; sourceTree = "<group>"; };
		E9F84D9920EF609E00493AEA /* UIView+AnimationExtend.h */ = {isa = PBXFileReference; lastKnownFileType = sourcecode.c.h; path = "UIView+AnimationExtend.h"; sourceTree = "<group>"; };
		E9F84D9A20EF609E00493AEA /* UIView+AnimationExtend.m */ = {isa = PBXFileReference; lastKnownFileType = sourcecode.c.objc; path = "UIView+AnimationExtend.m"; sourceTree = "<group>"; };
		E9F84D9C20EF629F00493AEA /* UITabBar+SLTabBar.h */ = {isa = PBXFileReference; lastKnownFileType = sourcecode.c.h; path = "UITabBar+SLTabBar.h"; sourceTree = "<group>"; };
		E9F84D9D20EF629F00493AEA /* UITabBar+SLTabBar.m */ = {isa = PBXFileReference; lastKnownFileType = sourcecode.c.objc; path = "UITabBar+SLTabBar.m"; sourceTree = "<group>"; };
/* End PBXFileReference section */

/* Begin PBXFrameworksBuildPhase section */
		E96628B120EDEBFE005F193C /* Frameworks */ = {
			isa = PBXFrameworksBuildPhase;
			buildActionMask = 2147483647;
			files = (
				E96628E220EDFD20005F193C /* Foundation.framework in Frameworks */,
				E96628E020EDFD1A005F193C /* UIKit.framework in Frameworks */,
				63B4E11A6072F505B0298A24 /* libPods-SLFakeHeadlineNews.a in Frameworks */,
			);
			runOnlyForDeploymentPostprocessing = 0;
		};
/* End PBXFrameworksBuildPhase section */

/* Begin PBXGroup section */
		290790A6E0E0DAF8056909F2 /* Frameworks */ = {
			isa = PBXGroup;
			children = (
				E96628E120EDFD20005F193C /* Foundation.framework */,
				E96628DF20EDFD1A005F193C /* UIKit.framework */,
				AC7CE8753B870C19A094603F /* libPods-SLFakeHeadlineNews.a */,
			);
			name = Frameworks;
			sourceTree = "<group>";
		};
		52BB91E61F53C4D2E29A1CDE /* Pods */ = {
			isa = PBXGroup;
			children = (
				829382745D59F6CA0DB5A390 /* Pods-SLFakeHeadlineNews.debug.xcconfig */,
				DFDA8812FAEA23DF2FF9D3B1 /* Pods-SLFakeHeadlineNews.release.xcconfig */,
			);
			name = Pods;
			sourceTree = "<group>";
		};
		D3EA6FCDFECC38DE53ED2649 /* SLController */ = {
			isa = PBXGroup;
			children = (
				E9F7310C20EE22D90086FBB6 /* SLVideoVC.h */,
				E9F7310D20EE22D90086FBB6 /* SLVideoVC.m */,
			);
			path = SLController;
			sourceTree = "<group>";
		};
		D3EE0089DFCB6E2B857E7488 /* SLVideo */ = {
			isa = PBXGroup;
			children = (
				D3EA6FCDFECC38DE53ED2649 /* SLController */,
			);
			path = SLVideo;
			sourceTree = "<group>";
		};
		E96628AB20EDEBFE005F193C = {
			isa = PBXGroup;
			children = (
				E96628B620EDEBFE005F193C /* SLFakeHeadlineNews */,
				E96628B520EDEBFE005F193C /* Products */,
				52BB91E61F53C4D2E29A1CDE /* Pods */,
				290790A6E0E0DAF8056909F2 /* Frameworks */,
			);
			sourceTree = "<group>";
		};
		E96628B520EDEBFE005F193C /* Products */ = {
			isa = PBXGroup;
			children = (
				E96628B420EDEBFE005F193C /* SLFakeHeadlineNews.app */,
			);
			name = Products;
			sourceTree = "<group>";
		};
		E96628B620EDEBFE005F193C /* SLFakeHeadlineNews */ = {
			isa = PBXGroup;
			children = (
				E96628D520EDFCDC005F193C /* Class */,
				E96628CD20EDFCDC005F193C /* Other */,
			);
			path = SLFakeHeadlineNews;
			sourceTree = "<group>";
		};
		E96628CD20EDFCDC005F193C /* Other */ = {
			isa = PBXGroup;
			children = (
				E96628CE20EDFCDC005F193C /* Assets.xcassets */,
				E96628CF20EDFCDC005F193C /* LaunchScreen.storyboard */,
				E96628D120EDFCDC005F193C /* Main.storyboard */,
				E96628D320EDFCDC005F193C /* main.m */,
				E96628D420EDFCDC005F193C /* Info.plist */,
			);
			path = Other;
			sourceTree = "<group>";
		};
		E96628D520EDFCDC005F193C /* Class */ = {
			isa = PBXGroup;
			children = (
				E96E453D20FDD1C0008264E9 /* SLNetwork */,
				E9F84D9820EF607A00493AEA /* SLTool */,
				E9AF892820EF04720000DC00 /* SLHome */,
				E9F7311120EE234F0086FBB6 /* SLMicroVideo */,
				E9F7310F20EE234F0086FBB6 /* SLMicroHeadlineNews */,
				E9F7310020EE20520086FBB6 /* SLBase */,
				E9F730EB20EE1EC90086FBB6 /* SLComponent */,
				E96628E320EDFD84005F193C /* SLMain */,
				E96628D620EDFCDC005F193C /* SLAppdelegate */,
				D3EE0089DFCB6E2B857E7488 /* SLVideo */,
			);
			path = Class;
			sourceTree = "<group>";
		};
		E96628D620EDFCDC005F193C /* SLAppdelegate */ = {
			isa = PBXGroup;
			children = (
				E96628D720EDFCDC005F193C /* AppDelegate.h */,
				E96628D820EDFCDC005F193C /* AppDelegate.m */,
			);
			path = SLAppdelegate;
			sourceTree = "<group>";
		};
		E96628E320EDFD84005F193C /* SLMain */ = {
			isa = PBXGroup;
			children = (
				E96628E420EDFDB0005F193C /* SLTabBarController.h */,
				E96628E520EDFDB0005F193C /* SLTabBarController.m */,
				E96628E720EE091A005F193C /* SLNavigationController.h */,
				E96628E820EE091A005F193C /* SLNavigationController.m */,
				E9F7310620EE213C0086FBB6 /* SLNavigationBar.h */,
				E9F7310720EE213C0086FBB6 /* SLNavigationBar.m */,
				E9F7310920EE217F0086FBB6 /* SLHeader.h */,
				E9F7310A20EE217F0086FBB6 /* SLHeader.m */,
			);
			path = SLMain;
			sourceTree = "<group>";
		};
		E96E453D20FDD1C0008264E9 /* SLNetwork */ = {
			isa = PBXGroup;
			children = (
				E96E453E20FDD1C0008264E9 /* SLURLManager */,
				E96E454220FDD344008264E9 /* SLNetworkManager.h */,
				E96E454320FDD344008264E9 /* SLNetworkManager.m */,
				E96E454520FDD6E1008264E9 /* SLNetWorkBaseModel.h */,
				E96E454620FDD6E1008264E9 /* SLNetWorkBaseModel.m */,
			);
			path = SLNetwork;
			sourceTree = "<group>";
		};
		E96E453E20FDD1C0008264E9 /* SLURLManager */ = {
			isa = PBXGroup;
			children = (
				E96E453F20FDD1F4008264E9 /* SLURLManager.h */,
				E96E454020FDD1F4008264E9 /* SLURLManager.m */,
			);
			path = SLURLManager;
			sourceTree = "<group>";
		};
		E9AF892820EF04720000DC00 /* SLHome */ = {
			isa = PBXGroup;
			children = (
				E9C9366720FDA0AC006791CA /* SLViewModel */,
				E9AF892920EF04720000DC00 /* SLViewController */,
			);
			path = SLHome;
			sourceTree = "<group>";
		};
		E9AF892920EF04720000DC00 /* SLViewController */ = {
			isa = PBXGroup;
			children = (
				E9AF892A20EF048D0000DC00 /* SLHomeVC.h */,
				E9AF892B20EF048D0000DC00 /* SLHomeVC.m */,
			);
			path = SLViewController;
			sourceTree = "<group>";
		};
		E9C9366720FDA0AC006791CA /* SLViewModel */ = {
			isa = PBXGroup;
			children = (
				E9C9366820FDA0D8006791CA /* SLHomeTitleViewModel.h */,
				E9C9366920FDA0D8006791CA /* SLHomeTitleViewModel.m */,
			);
			path = SLViewModel;
			sourceTree = "<group>";
		};
		E9F730EB20EE1EC90086FBB6 /* SLComponent */ = {
			isa = PBXGroup;
			children = (
				E9F730EC20EE1F780086FBB6 /* WMPageController */,
			);
			path = SLComponent;
			sourceTree = "<group>";
		};
		E9F730EC20EE1F780086FBB6 /* WMPageController */ = {
			isa = PBXGroup;
			children = (
				E9F730F820EE1F780086FBB6 /* WMPageController.h */,
				E9F730ED20EE1F780086FBB6 /* WMPageController.m */,
				E9F730F920EE1F780086FBB6 /* UIViewController+WMPageController.h */,
				E9F730EE20EE1F780086FBB6 /* UIViewController+WMPageController.m */,
				E9F730EF20EE1F780086FBB6 /* WMMenuView */,
			);
			path = WMPageController;
			sourceTree = "<group>";
		};
		E9F730EF20EE1F780086FBB6 /* WMMenuView */ = {
			isa = PBXGroup;
			children = (
				E9F730F020EE1F780086FBB6 /* WMScrollView.h */,
				E9F730F120EE1F780086FBB6 /* WMMenuItem.h */,
				E9F730F220EE1F780086FBB6 /* WMMenuView.h */,
				E9F730F320EE1F780086FBB6 /* WMProgressView.h */,
				E9F730F420EE1F780086FBB6 /* WMMenuItem.m */,
				E9F730F520EE1F780086FBB6 /* WMScrollView.m */,
				E9F730F620EE1F780086FBB6 /* WMMenuView.m */,
				E9F730F720EE1F780086FBB6 /* WMProgressView.m */,
			);
			path = WMMenuView;
			sourceTree = "<group>";
		};
		E9F7310020EE20520086FBB6 /* SLBase */ = {
			isa = PBXGroup;
			children = (
				E9F7310120EE20520086FBB6 /* SLBaseViewModel */,
				E9F7310220EE20520086FBB6 /* SLBaseViewController */,
			);
			path = SLBase;
			sourceTree = "<group>";
		};
		E9F7310120EE20520086FBB6 /* SLBaseViewModel */ = {
			isa = PBXGroup;
			children = (
			);
			path = SLBaseViewModel;
			sourceTree = "<group>";
		};
		E9F7310220EE20520086FBB6 /* SLBaseViewController */ = {
			isa = PBXGroup;
			children = (
				E9F7310320EE20640086FBB6 /* SLBaseViewController.h */,
				E9F7310420EE20640086FBB6 /* SLBaseViewController.m */,
			);
			path = SLBaseViewController;
			sourceTree = "<group>";
		};
		E9F7310F20EE234F0086FBB6 /* SLMicroHeadlineNews */ = {
			isa = PBXGroup;
			children = (
				E9F7311020EE234F0086FBB6 /* SLController */,
			);
			name = SLMicroHeadlineNews;
			path = SLFakeHeadlineNews/Class/SLMicroHeadlineNews;
			sourceTree = SOURCE_ROOT;
		};
		E9F7311020EE234F0086FBB6 /* SLController */ = {
			isa = PBXGroup;
			children = (
				E9AF892520EF04330000DC00 /* SLMicroHeadlineNewsVC.h */,
				E9AF892620EF04330000DC00 /* SLMicroHeadlineNewsVC.m */,
			);
			path = SLController;
			sourceTree = "<group>";
		};
		E9F7311120EE234F0086FBB6 /* SLMicroVideo */ = {
			isa = PBXGroup;
			children = (
				E9F7311220EE234F0086FBB6 /* SLController */,
			);
			name = SLMicroVideo;
			path = SLFakeHeadlineNews/Class/SLMicroVideo;
			sourceTree = SOURCE_ROOT;
		};
		E9F7311220EE234F0086FBB6 /* SLController */ = {
			isa = PBXGroup;
			children = (
				E9AF892220EF04030000DC00 /* SLMicroVideoVC.h */,
				E9AF892320EF04030000DC00 /* SLMicroVideoVC.m */,
			);
			path = SLController;
			sourceTree = "<group>";
		};
		E9F84D9820EF607A00493AEA /* SLTool */ = {
			isa = PBXGroup;
			children = (
				E9F84D9920EF609E00493AEA /* UIView+AnimationExtend.h */,
				E9F84D9A20EF609E00493AEA /* UIView+AnimationExtend.m */,
				E9F84D9C20EF629F00493AEA /* UITabBar+SLTabBar.h */,
				E9F84D9D20EF629F00493AEA /* UITabBar+SLTabBar.m */,
				E96E454820FDDB3A008264E9 /* MBProgressHUD+Add.h */,
				E96E454920FDDB3A008264E9 /* MBProgressHUD+Add.m */,
			);
			path = SLTool;
			sourceTree = "<group>";
		};
/* End PBXGroup section */

/* Begin PBXNativeTarget section */
		E96628B320EDEBFE005F193C /* SLFakeHeadlineNews */ = {
			isa = PBXNativeTarget;
			buildConfigurationList = E96628CA20EDEC01005F193C /* Build configuration list for PBXNativeTarget "SLFakeHeadlineNews" */;
			buildPhases = (
				0F6D2DD786704576D524E785 /* [CP] Check Pods Manifest.lock */,
				E96628B020EDEBFE005F193C /* Sources */,
				E96628B120EDEBFE005F193C /* Frameworks */,
				E96628B220EDEBFE005F193C /* Resources */,
				D17999F59B495445A5DEA419 /* [CP] Embed Pods Frameworks */,
				1E6C288D3AE536584B9DFCE3 /* [CP] Copy Pods Resources */,
			);
			buildRules = (
			);
			dependencies = (
			);
			name = SLFakeHeadlineNews;
			productName = SLFakeHeadlineNews;
			productReference = E96628B420EDEBFE005F193C /* SLFakeHeadlineNews.app */;
			productType = "com.apple.product-type.application";
		};
/* End PBXNativeTarget section */

/* Begin PBXProject section */
		E96628AC20EDEBFE005F193C /* Project object */ = {
			isa = PBXProject;
			attributes = {
				LastUpgradeCheck = 0940;
				ORGANIZATIONNAME = smallLabel;
				TargetAttributes = {
					E96628B320EDEBFE005F193C = {
						CreatedOnToolsVersion = 9.4.1;
					};
				};
			};
			buildConfigurationList = E96628AF20EDEBFE005F193C /* Build configuration list for PBXProject "SLFakeHeadlineNews" */;
			compatibilityVersion = "Xcode 9.3";
			developmentRegion = en;
			hasScannedForEncodings = 0;
			knownRegions = (
				en,
				Base,
			);
			mainGroup = E96628AB20EDEBFE005F193C;
			productRefGroup = E96628B520EDEBFE005F193C /* Products */;
			projectDirPath = "";
			projectRoot = "";
			targets = (
				E96628B320EDEBFE005F193C /* SLFakeHeadlineNews */,
			);
		};
/* End PBXProject section */

/* Begin PBXResourcesBuildPhase section */
		E96628B220EDEBFE005F193C /* Resources */ = {
			isa = PBXResourcesBuildPhase;
			buildActionMask = 2147483647;
			files = (
				E96628DD20EDFCDC005F193C /* Info.plist in Resources */,
				E96628DB20EDFCDC005F193C /* Main.storyboard in Resources */,
				E96628D920EDFCDC005F193C /* Assets.xcassets in Resources */,
				E96628DA20EDFCDC005F193C /* LaunchScreen.storyboard in Resources */,
			);
			runOnlyForDeploymentPostprocessing = 0;
		};
/* End PBXResourcesBuildPhase section */

/* Begin PBXShellScriptBuildPhase section */
		0F6D2DD786704576D524E785 /* [CP] Check Pods Manifest.lock */ = {
			isa = PBXShellScriptBuildPhase;
			buildActionMask = 2147483647;
			files = (
			);
			inputPaths = (
				"${PODS_PODFILE_DIR_PATH}/Podfile.lock",
				"${PODS_ROOT}/Manifest.lock",
			);
			name = "[CP] Check Pods Manifest.lock";
			outputPaths = (
				"$(DERIVED_FILE_DIR)/Pods-SLFakeHeadlineNews-checkManifestLockResult.txt",
			);
			runOnlyForDeploymentPostprocessing = 0;
			shellPath = /bin/sh;
			shellScript = "diff \"${PODS_PODFILE_DIR_PATH}/Podfile.lock\" \"${PODS_ROOT}/Manifest.lock\" > /dev/null\nif [ $? != 0 ] ; then\n    # print error to STDERR\n    echo \"error: The sandbox is not in sync with the Podfile.lock. Run 'pod install' or update your CocoaPods installation.\" >&2\n    exit 1\nfi\n# This output is used by Xcode 'outputs' to avoid re-running this script phase.\necho \"SUCCESS\" > \"${SCRIPT_OUTPUT_FILE_0}\"\n";
			showEnvVarsInLog = 0;
		};
		1E6C288D3AE536584B9DFCE3 /* [CP] Copy Pods Resources */ = {
			isa = PBXShellScriptBuildPhase;
			buildActionMask = 2147483647;
			files = (
			);
			inputPaths = (
				"${SRCROOT}/Pods/Target Support Files/Pods-SLFakeHeadlineNews/Pods-SLFakeHeadlineNews-resources.sh",
				"${PODS_ROOT}/KMCGeigerCounter/KMCGeigerCounter/KMCGeigerCounterTick.aiff",
				"${PODS_ROOT}/MJRefresh/MJRefresh/MJRefresh.bundle",
			);
			name = "[CP] Copy Pods Resources";
			outputPaths = (
				"${TARGET_BUILD_DIR}/${UNLOCALIZED_RESOURCES_FOLDER_PATH}",
			);
			runOnlyForDeploymentPostprocessing = 0;
			shellPath = /bin/sh;
			shellScript = "\"${SRCROOT}/Pods/Target Support Files/Pods-SLFakeHeadlineNews/Pods-SLFakeHeadlineNews-resources.sh\"\n";
			showEnvVarsInLog = 0;
		};
		D17999F59B495445A5DEA419 /* [CP] Embed Pods Frameworks */ = {
			isa = PBXShellScriptBuildPhase;
			buildActionMask = 2147483647;
			files = (
			);
			inputPaths = (
			);
			name = "[CP] Embed Pods Frameworks";
			outputPaths = (
			);
			runOnlyForDeploymentPostprocessing = 0;
			shellPath = /bin/sh;
			shellScript = "\"${SRCROOT}/Pods/Target Support Files/Pods-SLFakeHeadlineNews/Pods-SLFakeHeadlineNews-frameworks.sh\"\n";
			showEnvVarsInLog = 0;
		};
/* End PBXShellScriptBuildPhase section */

/* Begin PBXSourcesBuildPhase section */
		E96628B020EDEBFE005F193C /* Sources */ = {
			isa = PBXSourcesBuildPhase;
			buildActionMask = 2147483647;
			files = (
				E9F730FC20EE1F780086FBB6 /* WMMenuItem.m in Sources */,
				E9F730FE20EE1F780086FBB6 /* WMMenuView.m in Sources */,
				E96E454720FDD6E1008264E9 /* SLNetWorkBaseModel.m in Sources */,
				E96628DE20EDFCDC005F193C /* AppDelegate.m in Sources */,
				E9F730FA20EE1F780086FBB6 /* WMPageController.m in Sources */,
				E9F84D9E20EF629F00493AEA /* UITabBar+SLTabBar.m in Sources */,
				E96628E620EDFDB0005F193C /* SLTabBarController.m in Sources */,
				E96E454A20FDDB3A008264E9 /* MBProgressHUD+Add.m in Sources */,
				E96628E920EE091A005F193C /* SLNavigationController.m in Sources */,
				E96628DC20EDFCDC005F193C /* main.m in Sources */,
				E96E454120FDD1F4008264E9 /* SLURLManager.m in Sources */,
				E9F730FF20EE1F780086FBB6 /* WMProgressView.m in Sources */,
				E9F7310B20EE217F0086FBB6 /* SLHeader.m in Sources */,
				E9F7310820EE213C0086FBB6 /* SLNavigationBar.m in Sources */,
				E9C9366A20FDA0D8006791CA /* SLHomeTitleViewModel.m in Sources */,
				E9F730FB20EE1F780086FBB6 /* UIViewController+WMPageController.m in Sources */,
				E9AF892720EF04330000DC00 /* SLMicroHeadlineNewsVC.m in Sources */,
				E9F7310520EE20640086FBB6 /* SLBaseViewController.m in Sources */,
				E9AF892C20EF048D0000DC00 /* SLHomeVC.m in Sources */,
				E96E454420FDD344008264E9 /* SLNetworkManager.m in Sources */,
				E9F730FD20EE1F780086FBB6 /* WMScrollView.m in Sources */,
				E9F7310E20EE22D90086FBB6 /* SLVideoVC.m in Sources */,
				E9AF892420EF04030000DC00 /* SLMicroVideoVC.m in Sources */,
				E9F84D9B20EF609E00493AEA /* UIView+AnimationExtend.m in Sources */,
			);
			runOnlyForDeploymentPostprocessing = 0;
		};
/* End PBXSourcesBuildPhase section */

/* Begin PBXVariantGroup section */
		E96628CF20EDFCDC005F193C /* LaunchScreen.storyboard */ = {
			isa = PBXVariantGroup;
			children = (
				E96628D020EDFCDC005F193C /* Base */,
			);
			name = LaunchScreen.storyboard;
			sourceTree = "<group>";
		};
		E96628D120EDFCDC005F193C /* Main.storyboard */ = {
			isa = PBXVariantGroup;
			children = (
				E96628D220EDFCDC005F193C /* Base */,
			);
			name = Main.storyboard;
			sourceTree = "<group>";
		};
/* End PBXVariantGroup section */

/* Begin XCBuildConfiguration section */
		E96628C820EDEC01005F193C /* Debug */ = {
			isa = XCBuildConfiguration;
			buildSettings = {
				ALWAYS_SEARCH_USER_PATHS = NO;
				CLANG_ANALYZER_NONNULL = YES;
				CLANG_ANALYZER_NUMBER_OBJECT_CONVERSION = YES_AGGRESSIVE;
				CLANG_CXX_LANGUAGE_STANDARD = "gnu++14";
				CLANG_CXX_LIBRARY = "libc++";
				CLANG_ENABLE_MODULES = YES;
				CLANG_ENABLE_OBJC_ARC = YES;
				CLANG_ENABLE_OBJC_WEAK = YES;
				CLANG_WARN_BLOCK_CAPTURE_AUTORELEASING = YES;
				CLANG_WARN_BOOL_CONVERSION = YES;
				CLANG_WARN_COMMA = YES;
				CLANG_WARN_CONSTANT_CONVERSION = YES;
				CLANG_WARN_DEPRECATED_OBJC_IMPLEMENTATIONS = YES;
				CLANG_WARN_DIRECT_OBJC_ISA_USAGE = YES_ERROR;
				CLANG_WARN_DOCUMENTATION_COMMENTS = YES;
				CLANG_WARN_EMPTY_BODY = YES;
				CLANG_WARN_ENUM_CONVERSION = YES;
				CLANG_WARN_INFINITE_RECURSION = YES;
				CLANG_WARN_INT_CONVERSION = YES;
				CLANG_WARN_NON_LITERAL_NULL_CONVERSION = YES;
				CLANG_WARN_OBJC_IMPLICIT_RETAIN_SELF = YES;
				CLANG_WARN_OBJC_LITERAL_CONVERSION = YES;
				CLANG_WARN_OBJC_ROOT_CLASS = YES_ERROR;
				CLANG_WARN_RANGE_LOOP_ANALYSIS = YES;
				CLANG_WARN_STRICT_PROTOTYPES = YES;
				CLANG_WARN_SUSPICIOUS_MOVE = YES;
				CLANG_WARN_UNGUARDED_AVAILABILITY = YES_AGGRESSIVE;
				CLANG_WARN_UNREACHABLE_CODE = YES;
				CLANG_WARN__DUPLICATE_METHOD_MATCH = YES;
				CODE_SIGN_IDENTITY = "iPhone Developer";
				COPY_PHASE_STRIP = NO;
				DEBUG_INFORMATION_FORMAT = dwarf;
				ENABLE_STRICT_OBJC_MSGSEND = YES;
				ENABLE_TESTABILITY = YES;
				GCC_C_LANGUAGE_STANDARD = gnu11;
				GCC_DYNAMIC_NO_PIC = NO;
				GCC_NO_COMMON_BLOCKS = YES;
				GCC_OPTIMIZATION_LEVEL = 0;
				GCC_PREPROCESSOR_DEFINITIONS = (
					"DEBUG=1",
					"$(inherited)",
				);
				GCC_WARN_64_TO_32_BIT_CONVERSION = YES;
				GCC_WARN_ABOUT_RETURN_TYPE = YES_ERROR;
				GCC_WARN_UNDECLARED_SELECTOR = YES;
				GCC_WARN_UNINITIALIZED_AUTOS = YES_AGGRESSIVE;
				GCC_WARN_UNUSED_FUNCTION = YES;
				GCC_WARN_UNUSED_VARIABLE = YES;
				IPHONEOS_DEPLOYMENT_TARGET = 11.4;
				MTL_ENABLE_DEBUG_INFO = YES;
				ONLY_ACTIVE_ARCH = YES;
				SDKROOT = iphoneos;
			};
			name = Debug;
		};
		E96628C920EDEC01005F193C /* Release */ = {
			isa = XCBuildConfiguration;
			buildSettings = {
				ALWAYS_SEARCH_USER_PATHS = NO;
				CLANG_ANALYZER_NONNULL = YES;
				CLANG_ANALYZER_NUMBER_OBJECT_CONVERSION = YES_AGGRESSIVE;
				CLANG_CXX_LANGUAGE_STANDARD = "gnu++14";
				CLANG_CXX_LIBRARY = "libc++";
				CLANG_ENABLE_MODULES = YES;
				CLANG_ENABLE_OBJC_ARC = YES;
				CLANG_ENABLE_OBJC_WEAK = YES;
				CLANG_WARN_BLOCK_CAPTURE_AUTORELEASING = YES;
				CLANG_WARN_BOOL_CONVERSION = YES;
				CLANG_WARN_COMMA = YES;
				CLANG_WARN_CONSTANT_CONVERSION = YES;
				CLANG_WARN_DEPRECATED_OBJC_IMPLEMENTATIONS = YES;
				CLANG_WARN_DIRECT_OBJC_ISA_USAGE = YES_ERROR;
				CLANG_WARN_DOCUMENTATION_COMMENTS = YES;
				CLANG_WARN_EMPTY_BODY = YES;
				CLANG_WARN_ENUM_CONVERSION = YES;
				CLANG_WARN_INFINITE_RECURSION = YES;
				CLANG_WARN_INT_CONVERSION = YES;
				CLANG_WARN_NON_LITERAL_NULL_CONVERSION = YES;
				CLANG_WARN_OBJC_IMPLICIT_RETAIN_SELF = YES;
				CLANG_WARN_OBJC_LITERAL_CONVERSION = YES;
				CLANG_WARN_OBJC_ROOT_CLASS = YES_ERROR;
				CLANG_WARN_RANGE_LOOP_ANALYSIS = YES;
				CLANG_WARN_STRICT_PROTOTYPES = YES;
				CLANG_WARN_SUSPICIOUS_MOVE = YES;
				CLANG_WARN_UNGUARDED_AVAILABILITY = YES_AGGRESSIVE;
				CLANG_WARN_UNREACHABLE_CODE = YES;
				CLANG_WARN__DUPLICATE_METHOD_MATCH = YES;
				CODE_SIGN_IDENTITY = "iPhone Developer";
				COPY_PHASE_STRIP = NO;
				DEBUG_INFORMATION_FORMAT = "dwarf-with-dsym";
				ENABLE_NS_ASSERTIONS = NO;
				ENABLE_STRICT_OBJC_MSGSEND = YES;
				GCC_C_LANGUAGE_STANDARD = gnu11;
				GCC_NO_COMMON_BLOCKS = YES;
				GCC_WARN_64_TO_32_BIT_CONVERSION = YES;
				GCC_WARN_ABOUT_RETURN_TYPE = YES_ERROR;
				GCC_WARN_UNDECLARED_SELECTOR = YES;
				GCC_WARN_UNINITIALIZED_AUTOS = YES_AGGRESSIVE;
				GCC_WARN_UNUSED_FUNCTION = YES;
				GCC_WARN_UNUSED_VARIABLE = YES;
				IPHONEOS_DEPLOYMENT_TARGET = 11.4;
				MTL_ENABLE_DEBUG_INFO = NO;
				SDKROOT = iphoneos;
				VALIDATE_PRODUCT = YES;
			};
			name = Release;
		};
		E96628CB20EDEC01005F193C /* Debug */ = {
			isa = XCBuildConfiguration;
			baseConfigurationReference = 829382745D59F6CA0DB5A390 /* Pods-SLFakeHeadlineNews.debug.xcconfig */;
			buildSettings = {
				ASSETCATALOG_COMPILER_APPICON_NAME = AppIcon;
				CODE_SIGN_STYLE = Automatic;
				FRAMEWORK_SEARCH_PATHS = "\"$(SRCROOT)/SLFakeHeadlineNews/Class/SLComponent\"";
				HEADER_SEARCH_PATHS = (
					"$(inherited)",
					"$(PODS_ROOT)/**",
					"\"${PODS_ROOT}/Headers/Public\"",
					"\"${PODS_ROOT}/Headers/Public/AFNetworking\"",
					"\"${PODS_ROOT}/Headers/Public/DZNEmptyDataSet\"",
					"\"${PODS_ROOT}/Headers/Public/FMDB\"",
					"\"${PODS_ROOT}/Headers/Public/KMCGeigerCounter\"",
					"\"${PODS_ROOT}/Headers/Public/MBProgressHUD\"",
					"\"${PODS_ROOT}/Headers/Public/MJExtension\"",
					"\"${PODS_ROOT}/Headers/Public/MJRefresh\"",
					"\"${PODS_ROOT}/Headers/Public/Masonry\"",
					"\"${PODS_ROOT}/Headers/Public/ReactiveObjC\"",
					"\"${PODS_ROOT}/Headers/Public/SDWebImage\"",
					"\"${PODS_ROOT}/Headers/Public/YYCache\"",
					"\"${PODS_ROOT}/Headers/Public/YYText\"",
					"\"${PODS_ROOT}/Headers/Public/ZFPlayer\"",
					"\"${PODS_ROOT}/Headers/Public/libwebp\"",
				);
				INFOPLIST_FILE = "$(SRCROOT)/SLFakeHeadlineNews/Other/Info.plist";
				LD_RUNPATH_SEARCH_PATHS = (
					"$(inherited)",
					"@executable_path/Frameworks",
				);
				LIBRARY_SEARCH_PATHS = (
					"$(inherited)/**",
					"$(PODS_ROOT)/**",
					"\"$PODS_CONFIGURATION_BUILD_DIR/AFNetworking\"",
					"\"$PODS_CONFIGURATION_BUILD_DIR/DZNEmptyDataSet\"",
					"\"$PODS_CONFIGURATION_BUILD_DIR/FMDB\"",
					"\"$PODS_CONFIGURATION_BUILD_DIR/KMCGeigerCounter\"",
					"\"$PODS_CONFIGURATION_BUILD_DIR/MBProgressHUD\"",
					"\"$PODS_CONFIGURATION_BUILD_DIR/MJExtension\"",
					"\"$PODS_CONFIGURATION_BUILD_DIR/MJRefresh\"",
					"\"$PODS_CONFIGURATION_BUILD_DIR/Masonry\"",
					"\"$PODS_CONFIGURATION_BUILD_DIR/ReactiveObjC\"",
					"\"$PODS_CONFIGURATION_BUILD_DIR/SDWebImage\"",
					"\"$PODS_CONFIGURATION_BUILD_DIR/YYCache\"",
					"\"$PODS_CONFIGURATION_BUILD_DIR/YYText\"",
					"\"$PODS_CONFIGURATION_BUILD_DIR/ZFPlayer\"",
					"\"$PODS_CONFIGURATION_BUILD_DIR/libwebp\"",
				);
				PRODUCT_BUNDLE_IDENTIFIER = com.smallLabel.SLFakeHeadlineNews;
				PRODUCT_NAME = "$(TARGET_NAME)";
				TARGETED_DEVICE_FAMILY = "1,2";
			};
			name = Debug;
		};
		E96628CC20EDEC01005F193C /* Release */ = {
			isa = XCBuildConfiguration;
			baseConfigurationReference = DFDA8812FAEA23DF2FF9D3B1 /* Pods-SLFakeHeadlineNews.release.xcconfig */;
			buildSettings = {
				ASSETCATALOG_COMPILER_APPICON_NAME = AppIcon;
				CODE_SIGN_STYLE = Automatic;
				FRAMEWORK_SEARCH_PATHS = "\"$(SRCROOT)/SLFakeHeadlineNews/Class/SLComponent\"";
				HEADER_SEARCH_PATHS = (
					"$(inherited)",
					"$(PODS_ROOT)/**",
					"\"${PODS_ROOT}/Headers/Public\"",
					"\"${PODS_ROOT}/Headers/Public/AFNetworking\"",
					"\"${PODS_ROOT}/Headers/Public/DZNEmptyDataSet\"",
					"\"${PODS_ROOT}/Headers/Public/FMDB\"",
					"\"${PODS_ROOT}/Headers/Public/KMCGeigerCounter\"",
					"\"${PODS_ROOT}/Headers/Public/MBProgressHUD\"",
					"\"${PODS_ROOT}/Headers/Public/MJExtension\"",
					"\"${PODS_ROOT}/Headers/Public/MJRefresh\"",
					"\"${PODS_ROOT}/Headers/Public/Masonry\"",
					"\"${PODS_ROOT}/Headers/Public/ReactiveObjC\"",
					"\"${PODS_ROOT}/Headers/Public/SDWebImage\"",
					"\"${PODS_ROOT}/Headers/Public/YYCache\"",
					"\"${PODS_ROOT}/Headers/Public/YYText\"",
					"\"${PODS_ROOT}/Headers/Public/ZFPlayer\"",
					"\"${PODS_ROOT}/Headers/Public/libwebp\"",
				);
				INFOPLIST_FILE = "$(SRCROOT)/SLFakeHeadlineNews/Other/Info.plist";
				LD_RUNPATH_SEARCH_PATHS = (
					"$(inherited)",
					"@executable_path/Frameworks",
				);
				LIBRARY_SEARCH_PATHS = (
					"$(inherited)/**",
					"$(PODS_ROOT)/**",
					"\"$PODS_CONFIGURATION_BUILD_DIR/AFNetworking\"",
					"\"$PODS_CONFIGURATION_BUILD_DIR/DZNEmptyDataSet\"",
					"\"$PODS_CONFIGURATION_BUILD_DIR/FMDB\"",
					"\"$PODS_CONFIGURATION_BUILD_DIR/KMCGeigerCounter\"",
					"\"$PODS_CONFIGURATION_BUILD_DIR/MBProgressHUD\"",
					"\"$PODS_CONFIGURATION_BUILD_DIR/MJExtension\"",
					"\"$PODS_CONFIGURATION_BUILD_DIR/MJRefresh\"",
					"\"$PODS_CONFIGURATION_BUILD_DIR/Masonry\"",
					"\"$PODS_CONFIGURATION_BUILD_DIR/ReactiveObjC\"",
					"\"$PODS_CONFIGURATION_BUILD_DIR/SDWebImage\"",
					"\"$PODS_CONFIGURATION_BUILD_DIR/YYCache\"",
					"\"$PODS_CONFIGURATION_BUILD_DIR/YYText\"",
					"\"$PODS_CONFIGURATION_BUILD_DIR/ZFPlayer\"",
					"\"$PODS_CONFIGURATION_BUILD_DIR/libwebp\"",
				);
				PRODUCT_BUNDLE_IDENTIFIER = com.smallLabel.SLFakeHeadlineNews;
				PRODUCT_NAME = "$(TARGET_NAME)";
				TARGETED_DEVICE_FAMILY = "1,2";
			};
			name = Release;
		};
/* End XCBuildConfiguration section */

/* Begin XCConfigurationList section */
		E96628AF20EDEBFE005F193C /* Build configuration list for PBXProject "SLFakeHeadlineNews" */ = {
			isa = XCConfigurationList;
			buildConfigurations = (
				E96628C820EDEC01005F193C /* Debug */,
				E96628C920EDEC01005F193C /* Release */,
			);
			defaultConfigurationIsVisible = 0;
			defaultConfigurationName = Release;
		};
		E96628CA20EDEC01005F193C /* Build configuration list for PBXNativeTarget "SLFakeHeadlineNews" */ = {
			isa = XCConfigurationList;
			buildConfigurations = (
				E96628CB20EDEC01005F193C /* Debug */,
				E96628CC20EDEC01005F193C /* Release */,
			);
			defaultConfigurationIsVisible = 0;
			defaultConfigurationName = Release;
		};
/* End XCConfigurationList section */
	};
	rootObject = E96628AC20EDEBFE005F193C /* Project object */;
}
